
Microsoft Visual Studio Solution File, Format Version 12.00
# Visual Studio 14
VisualStudioVersion = 14.0.25123.0
MinimumVisualStudioVersion = 10.0.40219.1
Project("{8BC9CEB8-8B4A-11D0-8D11-00A0C91BC942}") = "npp", "npp\npp.vcxproj", "{0AE9804D-1C5F-44D7-9CF0-32B5D8E67DFA}"
EndProject
Project("{2150E333-8FDC-42A3-9474-1A3956D46DE8}") = "Solution Items", "Solution Items", "{E8B04EF2-7609-4818-AA0F-0CFA1FAE9101}"
	ProjectSection(SolutionItems) = preProject
		LICENSE = LICENSE
		README.md = README.md
	EndProjectSection
EndProject
Global
	GlobalSection(SolutionConfigurationPlatforms) = preSolution
		Debug|x64 = Debug|x64
		Debug|x86 = Debug|x86
		Release|x64 = Release|x64
		Release|x86 = Release|x86
	EndGlobalSection
	GlobalSection(ProjectConfigurationPlatforms) = postSolution
		{0AE9804D-1C5F-44D7-9CF0-32B5D8E67DFA}.Debug|x64.ActiveCfg = Debug|x64
		{0AE9804D-1C5F-44D7-9CF0-32B5D8E67DFA}.Debug|x64.Build.0 = Debug|x64
		{0AE9804D-1C5F-44D7-9CF0-32B5D8E67DFA}.Debug|x86.ActiveCfg = Debug|Win32
		{0AE9804D-1C5F-44D7-9CF0-32B5D8E67DFA}.Debug|x86.Build.0 = Debug|Win32
		{0AE9804D-1C5F-44D7-9CF0-32B5D8E67DFA}.Release|x64.ActiveCfg = Release|x64
		{0AE9804D-1C5F-44D7-9CF0-32B5D8E67DFA}.Release|x64.Build.0 = Release|x64
		{0AE9804D-1C5F-44D7-9CF0-32B5D8E67DFA}.Release|x86.ActiveCfg = Release|Win32
		{0AE9804D-1C5F-44D7-9CF0-32B5D8E67DFA}.Release|x86.Build.0 = Release|Win32
	EndGlobalSection
	GlobalSection(SolutionProperties) = preSolution
		HideSolutionNode = FALSE
	EndGlobalSection
EndGlobal
